// !$*UTF8*$!
{
	archiveVersion = 1;
	classes = {
	};
	objectVersion = 46;
	objects = {

/* Begin PBXBuildFile section */
		6D45AFD619A2896900A3145B /* AppDelegate.swift in Sources */ = {isa = PBXBuildFile; fileRef = 6D45AFD519A2896900A3145B /* AppDelegate.swift */; };
		6D45AFD819A2896900A3145B /* ViewController.swift in Sources */ = {isa = PBXBuildFile; fileRef = 6D45AFD719A2896900A3145B /* ViewController.swift */; };
		6D45AFDB19A2896900A3145B /* Main.storyboard in Resources */ = {isa = PBXBuildFile; fileRef = 6D45AFD919A2896900A3145B /* Main.storyboard */; };
		6D45AFDD19A2896900A3145B /* Images.xcassets in Resources */ = {isa = PBXBuildFile; fileRef = 6D45AFDC19A2896900A3145B /* Images.xcassets */; };
		6D45AFE919A2896A00A3145B /* MapLocationTests.swift in Sources */ = {isa = PBXBuildFile; fileRef = 6D45AFE819A2896A00A3145B /* MapLocationTests.swift */; };
		6D45AFF519A2898200A3145B /* MapKit.framework in Frameworks */ = {isa = PBXBuildFile; fileRef = 6D45AFF419A2898200A3145B /* MapKit.framework */; };
		6D4A4AC119A4049C00DB2053 /* MapModel.xcdatamodeld in Sources */ = {isa = PBXBuildFile; fileRef = 6D4A4ABF19A4049C00DB2053 /* MapModel.xcdatamodeld */; };
/* End PBXBuildFile section */

/* Begin PBXContainerItemProxy section */
		6D45AFE319A2896A00A3145B /* PBXContainerItemProxy */ = {
			isa = PBXContainerItemProxy;
			containerPortal = 6D45AFC819A2896900A3145B /* Project object */;
			proxyType = 1;
			remoteGlobalIDString = 6D45AFCF19A2896900A3145B;
			remoteInfo = MapLocation;
		};
/* End PBXContainerItemProxy section */

/* Begin PBXFileReference section */
		6D45AFD019A2896900A3145B /* MapLocation.app */ = {isa = PBXFileReference; explicitFileType = wrapper.application; includeInIndex = 0; path = MapLocation.app; sourceTree = BUILT_PRODUCTS_DIR; };
		6D45AFD419A2896900A3145B /* Info.plist */ = {isa = PBXFileReference; lastKnownFileType = text.plist.xml; path = Info.plist; sourceTree = "<group>"; };
		6D45AFD519A2896900A3145B /* AppDelegate.swift */ = {isa = PBXFileReference; lastKnownFileType = sourcecode.swift; path = AppDelegate.swift; sourceTree = "<group>"; };
		6D45AFD719A2896900A3145B /* ViewController.swift */ = {isa = PBXFileReference; lastKnownFileType = sourcecode.swift; path = ViewController.swift; sourceTree = "<group>"; };
		6D45AFDA19A2896900A3145B /* Base */ = {isa = PBXFileReference; lastKnownFileType = file.storyboard; name = Base; path = Base.lproj/Main.storyboard; sourceTree = "<group>"; };
		6D45AFDC19A2896900A3145B /* Images.xcassets */ = {isa = PBXFileReference; lastKnownFileType = folder.assetcatalog; path = Images.xcassets; sourceTree = "<group>"; };
		6D45AFE219A2896A00A3145B /* MapLocationTests.xctest */ = {isa = PBXFileReference; explicitFileType = wrapper.cfbundle; includeInIndex = 0; path = MapLocationTests.xctest; sourceTree = BUILT_PRODUCTS_DIR; };
		6D45AFE719A2896A00A3145B /* Info.plist */ = {isa = PBXFileReference; lastKnownFileType = text.plist.xml; path = Info.plist; sourceTree = "<group>"; };
		6D45AFE819A2896A00A3145B /* MapLocationTests.swift */ = {isa = PBXFileReference; lastKnownFileType = sourcecode.swift; path = MapLocationTests.swift; sourceTree = "<group>"; };
		6D45AFF419A2898200A3145B /* MapKit.framework */ = {isa = PBXFileReference; lastKnownFileType = wrapper.framework; name = MapKit.framework; path = System/Library/Frameworks/MapKit.framework; sourceTree = SDKROOT; };
		6D4A4AC019A4049C00DB2053 /* MapModel.xcdatamodel */ = {isa = PBXFileReference; lastKnownFileType = wrapper.xcdatamodel; path = MapModel.xcdatamodel; sourceTree = "<group>"; };
/* End PBXFileReference section */

/* Begin PBXFrameworksBuildPhase section */
		6D45AFCD19A2896900A3145B /* Frameworks */ = {
			isa = PBXFrameworksBuildPhase;
			buildActionMask = 2147483647;
			files = (
				6D45AFF519A2898200A3145B /* MapKit.framework in Frameworks */,
			);
			runOnlyForDeploymentPostprocessing = 0;
		};
		6D45AFDF19A2896A00A3145B /* Frameworks */ = {
			isa = PBXFrameworksBuildPhase;
			buildActionMask = 2147483647;
			files = (
			);
			runOnlyForDeploymentPostprocessing = 0;
		};
/* End PBXFrameworksBuildPhase section */

/* Begin PBXGroup section */
		6D45AFC719A2896800A3145B = {
			isa = PBXGroup;
			children = (
				6D45AFF419A2898200A3145B /* MapKit.framework */,
				6D45AFD219A2896900A3145B /* MapLocation */,
				6D45AFE519A2896A00A3145B /* MapLocationTests */,
				6D45AFD119A2896900A3145B /* Products */,
			);
			sourceTree = "<group>";
		};
		6D45AFD119A2896900A3145B /* Products */ = {
			isa = PBXGroup;
			children = (
				6D45AFD019A2896900A3145B /* MapLocation.app */,
				6D45AFE219A2896A00A3145B /* MapLocationTests.xctest */,
			);
			name = Products;
			sourceTree = "<group>";
		};
		6D45AFD219A2896900A3145B /* MapLocation */ = {
			isa = PBXGroup;
			children = (
				6D45AFD519A2896900A3145B /* AppDelegate.swift */,
				6D45AFD719A2896900A3145B /* ViewController.swift */,
				6D45AFD919A2896900A3145B /* Main.storyboard */,
				6D45AFDC19A2896900A3145B /* Images.xcassets */,
				6D4A4ABF19A4049C00DB2053 /* MapModel.xcdatamodeld */,
				6D45AFD319A2896900A3145B /* Supporting Files */,
			);
			path = MapLocation;
			sourceTree = "<group>";
		};
		6D45AFD319A2896900A3145B /* Supporting Files */ = {
			isa = PBXGroup;
			children = (
				6D45AFD419A2896900A3145B /* Info.plist */,
			);
			name = "Supporting Files";
			sourceTree = "<group>";
		};
		6D45AFE519A2896A00A3145B /* MapLocationTests */ = {
			isa = PBXGroup;
			children = (
				6D45AFE819A2896A00A3145B /* MapLocationTests.swift */,
				6D45AFE619A2896A00A3145B /* Supporting Files */,
			);
			path = MapLocationTests;
			sourceTree = "<group>";
		};
		6D45AFE619A2896A00A3145B /* Supporting Files */ = {
			isa = PBXGroup;
			children = (
				6D45AFE719A2896A00A3145B /* Info.plist */,
			);
			name = "Supporting Files";
			sourceTree = "<group>";
		};
/* End PBXGroup section */

/* Begin PBXNativeTarget section */
		6D45AFCF19A2896900A3145B /* MapLocation */ = {
			isa = PBXNativeTarget;
			buildConfigurationList = 6D45AFEC19A2896A00A3145B /* Build configuration list for PBXNativeTarget "MapLocation" */;
			buildPhases = (
				6D45AFCC19A2896900A3145B /* Sources */,
				6D45AFCD19A2896900A3145B /* Frameworks */,
				6D45AFCE19A2896900A3145B /* Resources */,
			);
			buildRules = (
			);
			dependencies = (
			);
			name = MapLocation;
			productName = MapLocation;
			productReference = 6D45AFD019A2896900A3145B /* MapLocation.app */;
			productType = "com.apple.product-type.application";
		};
		6D45AFE119A2896A00A3145B /* MapLocationTests */ = {
			isa = PBXNativeTarget;
			buildConfigurationList = 6D45AFEF19A2896A00A3145B /* Build configuration list for PBXNativeTarget "MapLocationTests" */;
			buildPhases = (
				6D45AFDE19A2896A00A3145B /* Sources */,
				6D45AFDF19A2896A00A3145B /* Frameworks */,
				6D45AFE019A2896A00A3145B /* Resources */,
			);
			buildRules = (
			);
			dependencies = (
				6D45AFE419A2896A00A3145B /* PBXTargetDependency */,
			);
			name = MapLocationTests;
			productName = MapLocationTests;
			productReference = 6D45AFE219A2896A00A3145B /* MapLocationTests.xctest */;
			productType = "com.apple.product-type.bundle.unit-test";
		};
/* End PBXNativeTarget section */

/* Begin PBXProject section */
		6D45AFC819A2896900A3145B /* Project object */ = {
			isa = PBXProject;
			attributes = {
				LastUpgradeCheck = 0600;
				ORGANIZATIONNAME = "Dan Hoang";
				TargetAttributes = {
					6D45AFCF19A2896900A3145B = {
						CreatedOnToolsVersion = 6.0;
						SystemCapabilities = {
							com.apple.Maps.iOS = {
								enabled = 1;
							};
						};
					};
					6D45AFE119A2896A00A3145B = {
						CreatedOnToolsVersion = 6.0;
						TestTargetID = 6D45AFCF19A2896900A3145B;
					};
				};
			};
			buildConfigurationList = 6D45AFCB19A2896900A3145B /* Build configuration list for PBXProject "MapLocation" */;
			compatibilityVersion = "Xcode 3.2";
			developmentRegion = English;
			hasScannedForEncodings = 0;
			knownRegions = (
				en,
				Base,
			);
			mainGroup = 6D45AFC719A2896800A3145B;
			productRefGroup = 6D45AFD119A2896900A3145B /* Products */;
			projectDirPath = "";
			projectRoot = "";
			targets = (
				6D45AFCF19A2896900A3145B /* MapLocation */,
				6D45AFE119A2896A00A3145B /* MapLocationTests */,
			);
		};
/* End PBXProject section */

/* Begin PBXResourcesBuildPhase section */
		6D45AFCE19A2896900A3145B /* Resources */ = {
			isa = PBXResourcesBuildPhase;
			buildActionMask = 2147483647;
			files = (
				6D45AFDB19A2896900A3145B /* Main.storyboard in Resources */,
				6D45AFDD19A2896900A3145B /* Images.xcassets in Resources */,
			);
			runOnlyForDeploymentPostprocessing = 0;
		};
		6D45AFE019A2896A00A3145B /* Resources */ = {
			isa = PBXResourcesBuildPhase;
			buildActionMask = 2147483647;
			files = (
			);
			runOnlyForDeploymentPostprocessing = 0;
		};
/* End PBXResourcesBuildPhase section */

/* Begin PBXSourcesBuildPhase section */
		6D45AFCC19A2896900A3145B /* Sources */ = {
			isa = PBXSourcesBuildPhase;
			buildActionMask = 2147483647;
			files = (
				6D4A4AC119A4049C00DB2053 /* MapModel.xcdatamodeld in Sources */,
				6D45AFD819A2896900A3145B /* ViewController.swift in Sources */,
				6D45AFD619A2896900A3145B /* AppDelegate.swift in Sources */,
			);
			runOnlyForDeploymentPostprocessing = 0;
		};
		6D45AFDE19A2896A00A3145B /* Sources */ = {
			isa = PBXSourcesBuildPhase;
			buildActionMask = 2147483647;
			files = (
				6D45AFE919A2896A00A3145B /* MapLocationTests.swift in Sources */,
			);
			runOnlyForDeploymentPostprocessing = 0;
		};
/* End PBXSourcesBuildPhase section */

/* Begin PBXTargetDependency section */
		6D45AFE419A2896A00A3145B /* PBXTargetDependency */ = {
			isa = PBXTargetDependency;
			target = 6D45AFCF19A2896900A3145B /* MapLocation */;
			targetProxy = 6D45AFE319A2896A00A3145B /* PBXContainerItemProxy */;
		};
/* End PBXTargetDependency section */

/* Begin PBXVariantGroup section */
		6D45AFD919A2896900A3145B /* Main.storyboard */ = {
			isa = PBXVariantGroup;
			children = (
				6D45AFDA19A2896900A3145B /* Base */,
			);
			name = Main.storyboard;
			sourceTree = "<group>";
		};
/* End PBXVariantGroup section */

/* Begin XCBuildConfiguration section */
		6D45AFEA19A2896A00A3145B /* Debug */ = {
			isa = XCBuildConfiguration;
			buildSettings = {
				ALWAYS_SEARCH_USER_PATHS = NO;
				CLANG_CXX_LANGUAGE_STANDARD = "gnu++0x";
				CLANG_CXX_LIBRARY = "libc++";
				CLANG_ENABLE_MODULES = YES;
				CLANG_ENABLE_OBJC_ARC = YES;
				CLANG_WARN_BOOL_CONVERSION = YES;
				CLANG_WARN_CONSTANT_CONVERSION = YES;
				CLANG_WARN_DIRECT_OBJC_ISA_USAGE = YES_ERROR;
				CLANG_WARN_EMPTY_BODY = YES;
				CLANG_WARN_ENUM_CONVERSION = YES;
				CLANG_WARN_INT_CONVERSION = YES;
				CLANG_WARN_OBJC_ROOT_CLASS = YES_ERROR;
				CLANG_WARN_UNREACHABLE_CODE = YES;
				CLANG_WARN__DUPLICATE_METHOD_MATCH = YES;
				"CODE_SIGN_IDENTITY[sdk=iphoneos*]" = "iPhone Developer";
				COPY_PHASE_STRIP = NO;
				ENABLE_STRICT_OBJC_MSGSEND = YES;
				GCC_C_LANGUAGE_STANDARD = gnu99;
				GCC_DYNAMIC_NO_PIC = NO;
				GCC_OPTIMIZATION_LEVEL = 0;
				GCC_PREPROCESSOR_DEFINITIONS = (
					"DEBUG=1",
					"$(inherited)",
				);
				GCC_SYMBOLS_PRIVATE_EXTERN = NO;
				GCC_WARN_64_TO_32_BIT_CONVERSION = YES;
				GCC_WARN_ABOUT_RETURN_TYPE = YES_ERROR;
				GCC_WARN_UNDECLARED_SELECTOR = YES;
				GCC_WARN_UNINITIALIZED_AUTOS = YES_AGGRESSIVE;
				GCC_WARN_UNUSED_FUNCTION = YES;
				GCC_WARN_UNUSED_VARIABLE = YES;
				IPHONEOS_DEPLOYMENT_TARGET = 8.0;
				MTL_ENABLE_DEBUG_INFO = YES;
				ONLY_ACTIVE_ARCH = YES;
				SDKROOT = iphoneos;
				SWIFT_OPTIMIZATION_LEVEL = "-Onone";
				TARGETED_DEVICE_FAMILY = "1,2";
			};
			name = Debug;
		};
		6D45AFEB19A2896A00A3145B /* Release */ = {
			isa = XCBuildConfiguration;
			buildSettings = {
				ALWAYS_SEARCH_USER_PATHS = NO;
				CLANG_CXX_LANGUAGE_STANDARD = "gnu++0x";
				CLANG_CXX_LIBRARY = "libc++";
				CLANG_ENABLE_MODULES = YES;
				CLANG_ENABLE_OBJC_ARC = YES;
				CLANG_WARN_BOOL_CONVERSION = YES;
				CLANG_WARN_CONSTANT_CONVERSION = YES;
				CLANG_WARN_DIRECT_OBJC_ISA_USAGE = YES_ERROR;
				CLANG_WARN_EMPTY_BODY = YES;
				CLANG_WARN_ENUM_CONVERSION = YES;
				CLANG_WARN_INT_CONVERSION = YES;
				CLANG_WARN_OBJC_ROOT_CLASS = YES_ERROR;
				CLANG_WARN_UNREACHABLE_CODE = YES;
				CLANG_WARN__DUPLICATE_METHOD_MATCH = YES;
				"CODE_SIGN_IDENTITY[sdk=iphoneos*]" = "iPhone Developer";
				COPY_PHASE_STRIP = YES;
				ENABLE_NS_ASSERTIONS = NO;
				ENABLE_STRICT_OBJC_MSGSEND = YES;
				GCC_C_LANGUAGE_STANDARD = gnu99;
				GCC_WARN_64_TO_32_BIT_CONVERSION = YES;
				GCC_WARN_ABOUT_RETURN_TYPE = YES_ERROR;
				GCC_WARN_UNDECLARED_SELECTOR = YES;
				GCC_WARN_UNINITIALIZED_AUTOS = YES_AGGRESSIVE;
				GCC_WARN_UNUSED_FUNCTION = YES;
				GCC_WARN_UNUSED_VARIABLE = YES;
				IPHONEOS_DEPLOYMENT_TARGET = 8.0;
				MTL_ENABLE_DEBUG_INFO = NO;
				SDKROOT = iphoneos;
				TARGETED_DEVICE_FAMILY = "1,2";
				VALIDATE_PRODUCT = YES;
			};
			name = Release;
		};
		6D45AFED19A2896A00A3145B /* Debug */ = {
			isa = XCBuildConfiguration;
			buildSettings = {
				ASSETCATALOG_COMPILER_APPICON_NAME = AppIcon;
				ASSETCATALOG_COMPILER_LAUNCHIMAGE_NAME = LaunchImage;
				INFOPLIST_FILE = MapLocation/Info.plist;
				LD_RUNPATH_SEARCH_PATHS = "$(inherited) @executable_path/Frameworks";
				PRODUCT_NAME = "$(TARGET_NAME)";
			};
			name = Debug;
		};
		6D45AFEE19A2896A00A3145B /* Release */ = {
			isa = XCBuildConfiguration;
			buildSettings = {
				ASSETCATALOG_COMPILER_APPICON_NAME = AppIcon;
				ASSETCATALOG_COMPILER_LAUNCHIMAGE_NAME = LaunchImage;
				INFOPLIST_FILE = MapLocation/Info.plist;
				LD_RUNPATH_SEARCH_PATHS = "$(inherited) @executable_path/Frameworks";
				PRODUCT_NAME = "$(TARGET_NAME)";
			};
			name = Release;
		};
		6D45AFF019A2896A00A3145B /* Debug */ = {
			isa = XCBuildConfiguration;
			buildSettings = {
				BUNDLE_LOADER = "$(TEST_HOST)";
				FRAMEWORK_SEARCH_PATHS = (
					"$(SDKROOT)/Developer/Library/Frameworks",
					"$(inherited)",
				);
				GCC_PREPROCESSOR_DEFINITIONS = (
					"DEBUG=1",
					"$(inherited)",
				);
				INFOPLIST_FILE = MapLocationTests/Info.plist;
				LD_RUNPATH_SEARCH_PATHS = "$(inherited) @executable_path/Frameworks @loader_path/Frameworks";
				PRODUCT_NAME = "$(TARGET_NAME)";
				TEST_HOST = "$(BUILT_PRODUCTS_DIR)/MapLocation.app/MapLocation";
			};
			name = Debug;
		};
		6D45AFF119A2896A00A3145B /* Release */ = {
			isa = XCBuildConfiguration;
			buildSettings = {
				BUNDLE_LOADER = "$(TEST_HOST)";
				FRAMEWORK_SEARCH_PATHS = (
					"$(SDKROOT)/Developer/Library/Frameworks",
					"$(inherited)",
				);
				INFOPLIST_FILE = MapLocationTests/Info.plist;
				LD_RUNPATH_SEARCH_PATHS = "$(inherited) @executable_path/Frameworks @loader_path/Frameworks";
				PRODUCT_NAME = "$(TARGET_NAME)";
				TEST_HOST = "$(BUILT_PRODUCTS_DIR)/MapLocation.app/MapLocation";
			};
			name = Release;
		};
/* End XCBuildConfiguration section */

/* Begin XCConfigurationList section */
		6D45AFCB19A2896900A3145B /* Build configuration list for PBXProject "MapLocation" */ = {
			isa = XCConfigurationList;
			buildConfigurations = (
				6D45AFEA19A2896A00A3145B /* Debug */,
				6D45AFEB19A2896A00A3145B /* Release */,
			);
			defaultConfigurationIsVisible = 0;
			defaultConfigurationName = Release;
		};
		6D45AFEC19A2896A00A3145B /* Build configuration list for PBXNativeTarget "MapLocation" */ = {
			isa = XCConfigurationList;
			buildConfigurations = (
				6D45AFED19A2896A00A3145B /* Debug */,
				6D45AFEE19A2896A00A3145B /* Release */,
			);
			defaultConfigurationIsVisible = 0;
			defaultConfigurationName = Release;
		};
		6D45AFEF19A2896A00A3145B /* Build configuration list for PBXNativeTarget "MapLocationTests" */ = {
			isa = XCConfigurationList;
			buildConfigurations = (
				6D45AFF019A2896A00A3145B /* Debug */,
				6D45AFF119A2896A00A3145B /* Release */,
			);
			defaultConfigurationIsVisible = 0;
			defaultConfigurationName = Release;
		};
/* End XCConfigurationList section */

/* Begin XCVersionGroup section */
		6D4A4ABF19A4049C00DB2053 /* MapModel.xcdatamodeld */ = {
			isa = XCVersionGroup;
			children = (
				6D4A4AC019A4049C00DB2053 /* MapModel.xcdatamodel */,
			);
			currentVersion = 6D4A4AC019A4049C00DB2053 /* MapModel.xcdatamodel */;
			name = MapModel.xcdatamodeld;
			path = ../MapModel.xcdatamodeld;
			sourceTree = "<group>";
			versionGroupType = wrapper.xcdatamodel;
		};
/* End XCVersionGroup section */
	};
	rootObject = 6D45AFC819A2896900A3145B /* Project object */;
}
